
Microsoft Visual Studio Solution File, Format Version 12.00
# Visual Studio 15
VisualStudioVersion = 15.0.28010.2016
MinimumVisualStudioVersion = 10.0.40219.1
Project("{8BC9CEB8-8B4A-11D0-8D11-00A0C91BC942}") = "PP01.HelloSDL", "PP01.HelloSDL\PP01.HelloSDL.vcxproj", "{EC73E695-0076-492A-A494-ACFF49F43EF1}"
EndProject
Project("{8BC9CEB8-8B4A-11D0-8D11-00A0C91BC942}") = "PP02.BreakUpHelloSDL", "PP02.BreakUpHelloSDL\PP02.BreakUpHelloSDL.vcxproj", "{EB20C51A-D291-4060-8FA3-1D529DC82676}"
EndProject
Project("{8BC9CEB8-8B4A-11D0-8D11-00A0C91BC942}") = "PP03.GameClass", "PP03.GameClass\PP03.GameClass.vcxproj", "{2522B267-2B45-4297-9D7E-F31C61B348AC}"
EndProject
Project("{8BC9CEB8-8B4A-11D0-8D11-00A0C91BC942}") = "PP04.BasicDrawing", "PP04.BasicDrawing\PP04.BasicDrawing.vcxproj", "{CAA63B8C-56D5-4E61-9721-080AE2AE55E0}"
EndProject
Project("{8BC9CEB8-8B4A-11D0-8D11-00A0C91BC942}") = "PP05.AnimatingSprite", "PP05.AnimatingSprite\PP05.AnimatingSprite.vcxproj", "{C6F10B37-45B2-4E1A-956E-E4A5A3AAAC71}"
EndProject
Project("{8BC9CEB8-8B4A-11D0-8D11-00A0C91BC942}") = "PP06.ImageSprite", "PP06.ImageSprite\PP06.ImageSprite.vcxproj", "{40D4AC5D-84DE-4BC5-913E-006EE768339E}"
EndProject
Project("{8BC9CEB8-8B4A-11D0-8D11-00A0C91BC942}") = "PP07.TextManager", "PP07.TextManager\PP07.TextManager.vcxproj", "{BE01EDF1-D1A2-438C-AC03-D67010F3008F}"
EndProject
Project("{8BC9CEB8-8B4A-11D0-8D11-00A0C91BC942}") = "PP08.SingletonTM", "PP08.SingletonTM\PP08.SingletonTM.vcxproj", "{1CFBFE4F-8309-4A46-8E06-DE55DB990450}"
EndProject
Project("{8BC9CEB8-8B4A-11D0-8D11-00A0C91BC942}") = "PP09.Inheritance", "PP09.Inheritance\PP09.Inheritance.vcxproj", "{02DBDF29-98EA-4D05-882F-79840E5A5A87}"
EndProject
Project("{8BC9CEB8-8B4A-11D0-8D11-00A0C91BC942}") = "PP10.Polymorphism", "PP10.Polymorphism\PP10.Polymorphism.vcxproj", "{09F47E43-6273-4E95-9A2E-14A777DD9B50}"
EndProject
Project("{8BC9CEB8-8B4A-11D0-8D11-00A0C91BC942}") = "PP11.AbstractClass", "PP11.AbstractClass\PP11.AbstractClass.vcxproj", "{CF3DF2D7-37FB-49FD-84B2-642687D43E8F}"
EndProject
Project("{8BC9CEB8-8B4A-11D0-8D11-00A0C91BC942}") = "PP12.Vector2D", "PP12.Vector2D\PP12.Vector2D.vcxproj", "{A582EB91-537C-4A2A-9238-2C5355E34C45}"
EndProject
Global
	GlobalSection(SolutionConfigurationPlatforms) = preSolution
		Debug|x64 = Debug|x64
		Debug|x86 = Debug|x86
		Release|x64 = Release|x64
		Release|x86 = Release|x86
	EndGlobalSection
	GlobalSection(ProjectConfigurationPlatforms) = postSolution
		{EC73E695-0076-492A-A494-ACFF49F43EF1}.Debug|x64.ActiveCfg = Debug|x64
		{EC73E695-0076-492A-A494-ACFF49F43EF1}.Debug|x64.Build.0 = Debug|x64
		{EC73E695-0076-492A-A494-ACFF49F43EF1}.Debug|x86.ActiveCfg = Debug|Win32
		{EC73E695-0076-492A-A494-ACFF49F43EF1}.Debug|x86.Build.0 = Debug|Win32
		{EC73E695-0076-492A-A494-ACFF49F43EF1}.Release|x64.ActiveCfg = Release|x64
		{EC73E695-0076-492A-A494-ACFF49F43EF1}.Release|x64.Build.0 = Release|x64
		{EC73E695-0076-492A-A494-ACFF49F43EF1}.Release|x86.ActiveCfg = Release|Win32
		{EC73E695-0076-492A-A494-ACFF49F43EF1}.Release|x86.Build.0 = Release|Win32
		{EB20C51A-D291-4060-8FA3-1D529DC82676}.Debug|x64.ActiveCfg = Debug|x64
		{EB20C51A-D291-4060-8FA3-1D529DC82676}.Debug|x64.Build.0 = Debug|x64
		{EB20C51A-D291-4060-8FA3-1D529DC82676}.Debug|x86.ActiveCfg = Debug|Win32
		{EB20C51A-D291-4060-8FA3-1D529DC82676}.Debug|x86.Build.0 = Debug|Win32
		{EB20C51A-D291-4060-8FA3-1D529DC82676}.Release|x64.ActiveCfg = Release|x64
		{EB20C51A-D291-4060-8FA3-1D529DC82676}.Release|x64.Build.0 = Release|x64
		{EB20C51A-D291-4060-8FA3-1D529DC82676}.Release|x86.ActiveCfg = Release|Win32
		{EB20C51A-D291-4060-8FA3-1D529DC82676}.Release|x86.Build.0 = Release|Win32
		{2522B267-2B45-4297-9D7E-F31C61B348AC}.Debug|x64.ActiveCfg = Debug|x64
		{2522B267-2B45-4297-9D7E-F31C61B348AC}.Debug|x64.Build.0 = Debug|x64
		{2522B267-2B45-4297-9D7E-F31C61B348AC}.Debug|x86.ActiveCfg = Debug|Win32
		{2522B267-2B45-4297-9D7E-F31C61B348AC}.Debug|x86.Build.0 = Debug|Win32
		{2522B267-2B45-4297-9D7E-F31C61B348AC}.Release|x64.ActiveCfg = Release|x64
		{2522B267-2B45-4297-9D7E-F31C61B348AC}.Release|x64.Build.0 = Release|x64
		{2522B267-2B45-4297-9D7E-F31C61B348AC}.Release|x86.ActiveCfg = Release|Win32
		{2522B267-2B45-4297-9D7E-F31C61B348AC}.Release|x86.Build.0 = Release|Win32
		{CAA63B8C-56D5-4E61-9721-080AE2AE55E0}.Debug|x64.ActiveCfg = Debug|x64
		{CAA63B8C-56D5-4E61-9721-080AE2AE55E0}.Debug|x64.Build.0 = Debug|x64
		{CAA63B8C-56D5-4E61-9721-080AE2AE55E0}.Debug|x86.ActiveCfg = Debug|Win32
		{CAA63B8C-56D5-4E61-9721-080AE2AE55E0}.Debug|x86.Build.0 = Debug|Win32
		{CAA63B8C-56D5-4E61-9721-080AE2AE55E0}.Release|x64.ActiveCfg = Release|x64
		{CAA63B8C-56D5-4E61-9721-080AE2AE55E0}.Release|x64.Build.0 = Release|x64
		{CAA63B8C-56D5-4E61-9721-080AE2AE55E0}.Release|x86.ActiveCfg = Release|Win32
		{CAA63B8C-56D5-4E61-9721-080AE2AE55E0}.Release|x86.Build.0 = Release|Win32
		{C6F10B37-45B2-4E1A-956E-E4A5A3AAAC71}.Debug|x64.ActiveCfg = Debug|x64
		{C6F10B37-45B2-4E1A-956E-E4A5A3AAAC71}.Debug|x64.Build.0 = Debug|x64
		{C6F10B37-45B2-4E1A-956E-E4A5A3AAAC71}.Debug|x86.ActiveCfg = Debug|Win32
		{C6F10B37-45B2-4E1A-956E-E4A5A3AAAC71}.Debug|x86.Build.0 = Debug|Win32
		{C6F10B37-45B2-4E1A-956E-E4A5A3AAAC71}.Release|x64.ActiveCfg = Release|x64
		{C6F10B37-45B2-4E1A-956E-E4A5A3AAAC71}.Release|x64.Build.0 = Release|x64
		{C6F10B37-45B2-4E1A-956E-E4A5A3AAAC71}.Release|x86.ActiveCfg = Release|Win32
		{C6F10B37-45B2-4E1A-956E-E4A5A3AAAC71}.Release|x86.Build.0 = Release|Win32
		{40D4AC5D-84DE-4BC5-913E-006EE768339E}.Debug|x64.ActiveCfg = Debug|x64
		{40D4AC5D-84DE-4BC5-913E-006EE768339E}.Debug|x64.Build.0 = Debug|x64
		{40D4AC5D-84DE-4BC5-913E-006EE768339E}.Debug|x86.ActiveCfg = Debug|Win32
		{40D4AC5D-84DE-4BC5-913E-006EE768339E}.Debug|x86.Build.0 = Debug|Win32
		{40D4AC5D-84DE-4BC5-913E-006EE768339E}.Release|x64.ActiveCfg = Release|x64
		{40D4AC5D-84DE-4BC5-913E-006EE768339E}.Release|x64.Build.0 = Release|x64
		{40D4AC5D-84DE-4BC5-913E-006EE768339E}.Release|x86.ActiveCfg = Release|Win32
		{40D4AC5D-84DE-4BC5-913E-006EE768339E}.Release|x86.Build.0 = Release|Win32
		{BE01EDF1-D1A2-438C-AC03-D67010F3008F}.Debug|x64.ActiveCfg = Debug|x64
		{BE01EDF1-D1A2-438C-AC03-D67010F3008F}.Debug|x64.Build.0 = Debug|x64
		{BE01EDF1-D1A2-438C-AC03-D67010F3008F}.Debug|x86.ActiveCfg = Debug|Win32
		{BE01EDF1-D1A2-438C-AC03-D67010F3008F}.Debug|x86.Build.0 = Debug|Win32
		{BE01EDF1-D1A2-438C-AC03-D67010F3008F}.Release|x64.ActiveCfg = Release|x64
		{BE01EDF1-D1A2-438C-AC03-D67010F3008F}.Release|x64.Build.0 = Release|x64
		{BE01EDF1-D1A2-438C-AC03-D67010F3008F}.Release|x86.ActiveCfg = Release|Win32
		{BE01EDF1-D1A2-438C-AC03-D67010F3008F}.Release|x86.Build.0 = Release|Win32
		{1CFBFE4F-8309-4A46-8E06-DE55DB990450}.Debug|x64.ActiveCfg = Debug|x64
		{1CFBFE4F-8309-4A46-8E06-DE55DB990450}.Debug|x64.Build.0 = Debug|x64
		{1CFBFE4F-8309-4A46-8E06-DE55DB990450}.Debug|x86.ActiveCfg = Debug|Win32
		{1CFBFE4F-8309-4A46-8E06-DE55DB990450}.Debug|x86.Build.0 = Debug|Win32
		{1CFBFE4F-8309-4A46-8E06-DE55DB990450}.Release|x64.ActiveCfg = Release|x64
		{1CFBFE4F-8309-4A46-8E06-DE55DB990450}.Release|x64.Build.0 = Release|x64
		{1CFBFE4F-8309-4A46-8E06-DE55DB990450}.Release|x86.ActiveCfg = Release|Win32
		{1CFBFE4F-8309-4A46-8E06-DE55DB990450}.Release|x86.Build.0 = Release|Win32
		{02DBDF29-98EA-4D05-882F-79840E5A5A87}.Debug|x64.ActiveCfg = Debug|x64
		{02DBDF29-98EA-4D05-882F-79840E5A5A87}.Debug|x64.Build.0 = Debug|x64
		{02DBDF29-98EA-4D05-882F-79840E5A5A87}.Debug|x86.ActiveCfg = Debug|Win32
		{02DBDF29-98EA-4D05-882F-79840E5A5A87}.Debug|x86.Build.0 = Debug|Win32
		{02DBDF29-98EA-4D05-882F-79840E5A5A87}.Release|x64.ActiveCfg = Release|x64
		{02DBDF29-98EA-4D05-882F-79840E5A5A87}.Release|x64.Build.0 = Release|x64
		{02DBDF29-98EA-4D05-882F-79840E5A5A87}.Release|x86.ActiveCfg = Release|Win32
		{02DBDF29-98EA-4D05-882F-79840E5A5A87}.Release|x86.Build.0 = Release|Win32
		{09F47E43-6273-4E95-9A2E-14A777DD9B50}.Debug|x64.ActiveCfg = Debug|x64
		{09F47E43-6273-4E95-9A2E-14A777DD9B50}.Debug|x64.Build.0 = Debug|x64
		{09F47E43-6273-4E95-9A2E-14A777DD9B50}.Debug|x86.ActiveCfg = Debug|Win32
		{09F47E43-6273-4E95-9A2E-14A777DD9B50}.Debug|x86.Build.0 = Debug|Win32
		{09F47E43-6273-4E95-9A2E-14A777DD9B50}.Release|x64.ActiveCfg = Release|x64
		{09F47E43-6273-4E95-9A2E-14A777DD9B50}.Release|x64.Build.0 = Release|x64
		{09F47E43-6273-4E95-9A2E-14A777DD9B50}.Release|x86.ActiveCfg = Release|Win32
		{09F47E43-6273-4E95-9A2E-14A777DD9B50}.Release|x86.Build.0 = Release|Win32
		{CF3DF2D7-37FB-49FD-84B2-642687D43E8F}.Debug|x64.ActiveCfg = Debug|x64
		{CF3DF2D7-37FB-49FD-84B2-642687D43E8F}.Debug|x64.Build.0 = Debug|x64
		{CF3DF2D7-37FB-49FD-84B2-642687D43E8F}.Debug|x86.ActiveCfg = Debug|Win32
		{CF3DF2D7-37FB-49FD-84B2-642687D43E8F}.Debug|x86.Build.0 = Debug|Win32
		{CF3DF2D7-37FB-49FD-84B2-642687D43E8F}.Release|x64.ActiveCfg = Release|x64
		{CF3DF2D7-37FB-49FD-84B2-642687D43E8F}.Release|x64.Build.0 = Release|x64
		{CF3DF2D7-37FB-49FD-84B2-642687D43E8F}.Release|x86.ActiveCfg = Release|Win32
		{CF3DF2D7-37FB-49FD-84B2-642687D43E8F}.Release|x86.Build.0 = Release|Win32
		{A582EB91-537C-4A2A-9238-2C5355E34C45}.Debug|x64.ActiveCfg = Debug|x64
		{A582EB91-537C-4A2A-9238-2C5355E34C45}.Debug|x64.Build.0 = Debug|x64
		{A582EB91-537C-4A2A-9238-2C5355E34C45}.Debug|x86.ActiveCfg = Debug|Win32
		{A582EB91-537C-4A2A-9238-2C5355E34C45}.Debug|x86.Build.0 = Debug|Win32
		{A582EB91-537C-4A2A-9238-2C5355E34C45}.Release|x64.ActiveCfg = Release|x64
		{A582EB91-537C-4A2A-9238-2C5355E34C45}.Release|x64.Build.0 = Release|x64
		{A582EB91-537C-4A2A-9238-2C5355E34C45}.Release|x86.ActiveCfg = Release|Win32
		{A582EB91-537C-4A2A-9238-2C5355E34C45}.Release|x86.Build.0 = Release|Win32
	EndGlobalSection
	GlobalSection(SolutionProperties) = preSolution
		HideSolutionNode = FALSE
	EndGlobalSection
	GlobalSection(ExtensibilityGlobals) = postSolution
		SolutionGuid = {E7C58EA7-F6CF-4186-A668-9A6CFC9F5ED4}
	EndGlobalSection
EndGlobal
